
Microsoft Visual Studio Solution File, Format Version 12.00
# Visual Studio 15
Project("{FAE04EC0-301F-11D3-BF4B-00C04F79EFBC}") = "Assembly-CSharp", "Assembly-CSharp.csproj", "{106BD9CD-FBFC-EF54-1AE2-D2C1A964DDBB}"
EndProject
Global
	GlobalSection(SolutionConfigurationPlatforms) = preSolution
		Debug|Any CPU = Debug|Any CPU
		Release|Any CPU = Release|Any CPU
	EndGlobalSection
	GlobalSection(ProjectConfigurationPlatforms) = postSolution
		{106BD9CD-FBFC-EF54-1AE2-D2C1A964DDBB}.Debug|Any CPU.ActiveCfg = Debug|Any CPU
		{106BD9CD-FBFC-EF54-1AE2-D2C1A964DDBB}.Debug|Any CPU.Build.0 = Debug|Any CPU
		{106BD9CD-FBFC-EF54-1AE2-D2C1A964DDBB}.Release|Any CPU.ActiveCfg = Release|Any CPU
		{106BD9CD-FBFC-EF54-1AE2-D2C1A964DDBB}.Release|Any CPU.Build.0 = Release|Any CPU
	EndGlobalSection
	GlobalSection(SolutionProperties) = preSolution
		HideSolutionNode = FALSE
	EndGlobalSection
EndGlobal
